// !$*UTF8*$!
{
	archiveVersion = 1;
	classes = {
	};
	objectVersion = 50;
	objects = {

/* Begin PBXBuildFile section */
		538172A22636609A00464CF9 /* CoreDataProject.xcdatamodeld in Sources */ = {isa = PBXBuildFile; fileRef = 5381728C2636609800464CF9 /* CoreDataProject.xcdatamodeld */; };
		538172A32636609A00464CF9 /* CoreDataProject.xcdatamodeld in Sources */ = {isa = PBXBuildFile; fileRef = 5381728C2636609800464CF9 /* CoreDataProject.xcdatamodeld */; };
		538172A42636609A00464CF9 /* CoreDataProjectApp.swift in Sources */ = {isa = PBXBuildFile; fileRef = 5381728E2636609800464CF9 /* CoreDataProjectApp.swift */; };
		538172A52636609A00464CF9 /* CoreDataProjectApp.swift in Sources */ = {isa = PBXBuildFile; fileRef = 5381728E2636609800464CF9 /* CoreDataProjectApp.swift */; };
		538172A62636609A00464CF9 /* ContentView.swift in Sources */ = {isa = PBXBuildFile; fileRef = 5381728F2636609800464CF9 /* ContentView.swift */; };
		538172A72636609A00464CF9 /* ContentView.swift in Sources */ = {isa = PBXBuildFile; fileRef = 5381728F2636609800464CF9 /* ContentView.swift */; };
		538172A82636609A00464CF9 /* Persistence.swift in Sources */ = {isa = PBXBuildFile; fileRef = 538172902636609800464CF9 /* Persistence.swift */; };
		538172A92636609A00464CF9 /* Persistence.swift in Sources */ = {isa = PBXBuildFile; fileRef = 538172902636609800464CF9 /* Persistence.swift */; };
		538172AA2636609A00464CF9 /* Assets.xcassets in Resources */ = {isa = PBXBuildFile; fileRef = 538172912636609900464CF9 /* Assets.xcassets */; };
		538172AB2636609A00464CF9 /* Assets.xcassets in Resources */ = {isa = PBXBuildFile; fileRef = 538172912636609900464CF9 /* Assets.xcassets */; };
		538172BC26383B8100464CF9 /* Singer+CoreDataClass.swift in Sources */ = {isa = PBXBuildFile; fileRef = 538172BA26383B8100464CF9 /* Singer+CoreDataClass.swift */; };
		538172BD26383B8100464CF9 /* Singer+CoreDataProperties.swift in Sources */ = {isa = PBXBuildFile; fileRef = 538172BB26383B8100464CF9 /* Singer+CoreDataProperties.swift */; };
/* End PBXBuildFile section */

/* Begin PBXFileReference section */
		5381728D2636609800464CF9 /* Shared.xcdatamodel */ = {isa = PBXFileReference; lastKnownFileType = wrapper.xcdatamodel; path = Shared.xcdatamodel; sourceTree = "<group>"; };
		5381728E2636609800464CF9 /* CoreDataProjectApp.swift */ = {isa = PBXFileReference; lastKnownFileType = sourcecode.swift; path = CoreDataProjectApp.swift; sourceTree = "<group>"; };
		5381728F2636609800464CF9 /* ContentView.swift */ = {isa = PBXFileReference; lastKnownFileType = sourcecode.swift; path = ContentView.swift; sourceTree = "<group>"; };
		538172902636609800464CF9 /* Persistence.swift */ = {isa = PBXFileReference; lastKnownFileType = sourcecode.swift; path = Persistence.swift; sourceTree = "<group>"; };
		538172912636609900464CF9 /* Assets.xcassets */ = {isa = PBXFileReference; lastKnownFileType = folder.assetcatalog; path = Assets.xcassets; sourceTree = "<group>"; };
		538172962636609900464CF9 /* CoreDataProject.app */ = {isa = PBXFileReference; explicitFileType = wrapper.application; includeInIndex = 0; path = CoreDataProject.app; sourceTree = BUILT_PRODUCTS_DIR; };
		538172992636609A00464CF9 /* Info.plist */ = {isa = PBXFileReference; lastKnownFileType = text.plist.xml; path = Info.plist; sourceTree = "<group>"; };
		5381729E2636609A00464CF9 /* CoreDataProject.app */ = {isa = PBXFileReference; explicitFileType = wrapper.application; includeInIndex = 0; path = CoreDataProject.app; sourceTree = BUILT_PRODUCTS_DIR; };
		538172A02636609A00464CF9 /* Info.plist */ = {isa = PBXFileReference; lastKnownFileType = text.plist.xml; path = Info.plist; sourceTree = "<group>"; };
		538172A12636609A00464CF9 /* macOS.entitlements */ = {isa = PBXFileReference; lastKnownFileType = text.plist.entitlements; path = macOS.entitlements; sourceTree = "<group>"; };
		538172BA26383B8100464CF9 /* Singer+CoreDataClass.swift */ = {isa = PBXFileReference; lastKnownFileType = sourcecode.swift; path = "Singer+CoreDataClass.swift"; sourceTree = "<group>"; };
		538172BB26383B8100464CF9 /* Singer+CoreDataProperties.swift */ = {isa = PBXFileReference; lastKnownFileType = sourcecode.swift; path = "Singer+CoreDataProperties.swift"; sourceTree = "<group>"; };
/* End PBXFileReference section */

/* Begin PBXFrameworksBuildPhase section */
		538172932636609900464CF9 /* Frameworks */ = {
			isa = PBXFrameworksBuildPhase;
			buildActionMask = 2147483647;
			files = (
			);
			runOnlyForDeploymentPostprocessing = 0;
		};
		5381729B2636609A00464CF9 /* Frameworks */ = {
			isa = PBXFrameworksBuildPhase;
			buildActionMask = 2147483647;
			files = (
			);
			runOnlyForDeploymentPostprocessing = 0;
		};
/* End PBXFrameworksBuildPhase section */

/* Begin PBXGroup section */
		538172862636609800464CF9 = {
			isa = PBXGroup;
			children = (
				5381728B2636609800464CF9 /* Shared */,
				538172982636609900464CF9 /* iOS */,
				5381729F2636609A00464CF9 /* macOS */,
				538172972636609900464CF9 /* Products */,
			);
			sourceTree = "<group>";
		};
		5381728B2636609800464CF9 /* Shared */ = {
			isa = PBXGroup;
			children = (
				538172BA26383B8100464CF9 /* Singer+CoreDataClass.swift */,
				538172BB26383B8100464CF9 /* Singer+CoreDataProperties.swift */,
				5381728E2636609800464CF9 /* CoreDataProjectApp.swift */,
				5381728F2636609800464CF9 /* ContentView.swift */,
				538172902636609800464CF9 /* Persistence.swift */,
				538172912636609900464CF9 /* Assets.xcassets */,
				5381728C2636609800464CF9 /* CoreDataProject.xcdatamodeld */,
			);
			path = Shared;
			sourceTree = "<group>";
		};
		538172972636609900464CF9 /* Products */ = {
			isa = PBXGroup;
			children = (
				538172962636609900464CF9 /* CoreDataProject.app */,
				5381729E2636609A00464CF9 /* CoreDataProject.app */,
			);
			name = Products;
			sourceTree = "<group>";
		};
		538172982636609900464CF9 /* iOS */ = {
			isa = PBXGroup;
			children = (
				538172992636609A00464CF9 /* Info.plist */,
			);
			path = iOS;
			sourceTree = "<group>";
		};
		5381729F2636609A00464CF9 /* macOS */ = {
			isa = PBXGroup;
			children = (
				538172A02636609A00464CF9 /* Info.plist */,
				538172A12636609A00464CF9 /* macOS.entitlements */,
			);
			path = macOS;
			sourceTree = "<group>";
		};
/* End PBXGroup section */

/* Begin PBXNativeTarget section */
		538172952636609900464CF9 /* CoreDataProject (iOS) */ = {
			isa = PBXNativeTarget;
			buildConfigurationList = 538172AE2636609A00464CF9 /* Build configuration list for PBXNativeTarget "CoreDataProject (iOS)" */;
			buildPhases = (
				538172922636609900464CF9 /* Sources */,
				538172932636609900464CF9 /* Frameworks */,
				538172942636609900464CF9 /* Resources */,
			);
			buildRules = (
			);
			dependencies = (
			);
			name = "CoreDataProject (iOS)";
			productName = "CoreDataProject (iOS)";
			productReference = 538172962636609900464CF9 /* CoreDataProject.app */;
			productType = "com.apple.product-type.application";
		};
		5381729D2636609A00464CF9 /* CoreDataProject (macOS) */ = {
			isa = PBXNativeTarget;
			buildConfigurationList = 538172B12636609A00464CF9 /* Build configuration list for PBXNativeTarget "CoreDataProject (macOS)" */;
			buildPhases = (
				5381729A2636609A00464CF9 /* Sources */,
				5381729B2636609A00464CF9 /* Frameworks */,
				5381729C2636609A00464CF9 /* Resources */,
			);
			buildRules = (
			);
			dependencies = (
			);
			name = "CoreDataProject (macOS)";
			productName = "CoreDataProject (macOS)";
			productReference = 5381729E2636609A00464CF9 /* CoreDataProject.app */;
			productType = "com.apple.product-type.application";
		};
/* End PBXNativeTarget section */

/* Begin PBXProject section */
		538172872636609800464CF9 /* Project object */ = {
			isa = PBXProject;
			attributes = {
				LastSwiftUpdateCheck = 1240;
				LastUpgradeCheck = 1240;
				TargetAttributes = {
					538172952636609900464CF9 = {
						CreatedOnToolsVersion = 12.4;
					};
					5381729D2636609A00464CF9 = {
						CreatedOnToolsVersion = 12.4;
					};
				};
			};
			buildConfigurationList = 5381728A2636609800464CF9 /* Build configuration list for PBXProject "CoreDataProject" */;
			compatibilityVersion = "Xcode 9.3";
			developmentRegion = en;
			hasScannedForEncodings = 0;
			knownRegions = (
				en,
				Base,
			);
			mainGroup = 538172862636609800464CF9;
			productRefGroup = 538172972636609900464CF9 /* Products */;
			projectDirPath = "";
			projectRoot = "";
			targets = (
				538172952636609900464CF9 /* CoreDataProject (iOS) */,
				5381729D2636609A00464CF9 /* CoreDataProject (macOS) */,
			);
		};
/* End PBXProject section */

/* Begin PBXResourcesBuildPhase section */
		538172942636609900464CF9 /* Resources */ = {
			isa = PBXResourcesBuildPhase;
			buildActionMask = 2147483647;
			files = (
				538172AA2636609A00464CF9 /* Assets.xcassets in Resources */,
			);
			runOnlyForDeploymentPostprocessing = 0;
		};
		5381729C2636609A00464CF9 /* Resources */ = {
			isa = PBXResourcesBuildPhase;
			buildActionMask = 2147483647;
			files = (
				538172AB2636609A00464CF9 /* Assets.xcassets in Resources */,
			);
			runOnlyForDeploymentPostprocessing = 0;
		};
/* End PBXResourcesBuildPhase section */

/* Begin PBXSourcesBuildPhase section */
		538172922636609900464CF9 /* Sources */ = {
			isa = PBXSourcesBuildPhase;
			buildActionMask = 2147483647;
			files = (
				538172A42636609A00464CF9 /* CoreDataProjectApp.swift in Sources */,
				538172BD26383B8100464CF9 /* Singer+CoreDataProperties.swift in Sources */,
				538172A82636609A00464CF9 /* Persistence.swift in Sources */,
				538172BC26383B8100464CF9 /* Singer+CoreDataClass.swift in Sources */,
				538172A22636609A00464CF9 /* CoreDataProject.xcdatamodeld in Sources */,
				538172A62636609A00464CF9 /* ContentView.swift in Sources */,
			);
			runOnlyForDeploymentPostprocessing = 0;
		};
		5381729A2636609A00464CF9 /* Sources */ = {
			isa = PBXSourcesBuildPhase;
			buildActionMask = 2147483647;
			files = (
				538172A52636609A00464CF9 /* CoreDataProjectApp.swift in Sources */,
				538172A92636609A00464CF9 /* Persistence.swift in Sources */,
				538172A32636609A00464CF9 /* CoreDataProject.xcdatamodeld in Sources */,
				538172A72636609A00464CF9 /* ContentView.swift in Sources */,
			);
			runOnlyForDeploymentPostprocessing = 0;
		};
/* End PBXSourcesBuildPhase section */

/* Begin XCBuildConfiguration section */
		538172AC2636609A00464CF9 /* Debug */ = {
			isa = XCBuildConfiguration;
			buildSettings = {
				ALWAYS_SEARCH_USER_PATHS = NO;
				CLANG_ANALYZER_NONNULL = YES;
				CLANG_ANALYZER_NUMBER_OBJECT_CONVERSION = YES_AGGRESSIVE;
				CLANG_CXX_LANGUAGE_STANDARD = "gnu++14";
				CLANG_CXX_LIBRARY = "libc++";
				CLANG_ENABLE_MODULES = YES;
				CLANG_ENABLE_OBJC_ARC = YES;
				CLANG_ENABLE_OBJC_WEAK = YES;
				CLANG_WARN_BLOCK_CAPTURE_AUTORELEASING = YES;
				CLANG_WARN_BOOL_CONVERSION = YES;
				CLANG_WARN_COMMA = YES;
				CLANG_WARN_CONSTANT_CONVERSION = YES;
				CLANG_WARN_DEPRECATED_OBJC_IMPLEMENTATIONS = YES;
				CLANG_WARN_DIRECT_OBJC_ISA_USAGE = YES_ERROR;
				CLANG_WARN_DOCUMENTATION_COMMENTS = YES;
				CLANG_WARN_EMPTY_BODY = YES;
				CLANG_WARN_ENUM_CONVERSION = YES;
				CLANG_WARN_INFINITE_RECURSION = YES;
				CLANG_WARN_INT_CONVERSION = YES;
				CLANG_WARN_NON_LITERAL_NULL_CONVERSION = YES;
				CLANG_WARN_OBJC_IMPLICIT_RETAIN_SELF = YES;
				CLANG_WARN_OBJC_LITERAL_CONVERSION = YES;
				CLANG_WARN_OBJC_ROOT_CLASS = YES_ERROR;
				CLANG_WARN_QUOTED_INCLUDE_IN_FRAMEWORK_HEADER = YES;
				CLANG_WARN_RANGE_LOOP_ANALYSIS = YES;
				CLANG_WARN_STRICT_PROTOTYPES = YES;
				CLANG_WARN_SUSPICIOUS_MOVE = YES;
				CLANG_WARN_UNGUARDED_AVAILABILITY = YES_AGGRESSIVE;
				CLANG_WARN_UNREACHABLE_CODE = YES;
				CLANG_WARN__DUPLICATE_METHOD_MATCH = YES;
				COPY_PHASE_STRIP = NO;
				DEBUG_INFORMATION_FORMAT = dwarf;
				ENABLE_STRICT_OBJC_MSGSEND = YES;
				ENABLE_TESTABILITY = YES;
				GCC_C_LANGUAGE_STANDARD = gnu11;
				GCC_DYNAMIC_NO_PIC = NO;
				GCC_NO_COMMON_BLOCKS = YES;
				GCC_OPTIMIZATION_LEVEL = 0;
				GCC_PREPROCESSOR_DEFINITIONS = (
					"DEBUG=1",
					"$(inherited)",
				);
				GCC_WARN_64_TO_32_BIT_CONVERSION = YES;
				GCC_WARN_ABOUT_RETURN_TYPE = YES_ERROR;
				GCC_WARN_UNDECLARED_SELECTOR = YES;
				GCC_WARN_UNINITIALIZED_AUTOS = YES_AGGRESSIVE;
				GCC_WARN_UNUSED_FUNCTION = YES;
				GCC_WARN_UNUSED_VARIABLE = YES;
				MTL_ENABLE_DEBUG_INFO = INCLUDE_SOURCE;
				MTL_FAST_MATH = YES;
				ONLY_ACTIVE_ARCH = YES;
				SWIFT_ACTIVE_COMPILATION_CONDITIONS = DEBUG;
				SWIFT_OPTIMIZATION_LEVEL = "-Onone";
			};
			name = Debug;
		};
		538172AD2636609A00464CF9 /* Release */ = {
			isa = XCBuildConfiguration;
			buildSettings = {
				ALWAYS_SEARCH_USER_PATHS = NO;
				CLANG_ANALYZER_NONNULL = YES;
				CLANG_ANALYZER_NUMBER_OBJECT_CONVERSION = YES_AGGRESSIVE;
				CLANG_CXX_LANGUAGE_STANDARD = "gnu++14";
				CLANG_CXX_LIBRARY = "libc++";
				CLANG_ENABLE_MODULES = YES;
				CLANG_ENABLE_OBJC_ARC = YES;
				CLANG_ENABLE_OBJC_WEAK = YES;
				CLANG_WARN_BLOCK_CAPTURE_AUTORELEASING = YES;
				CLANG_WARN_BOOL_CONVERSION = YES;
				CLANG_WARN_COMMA = YES;
				CLANG_WARN_CONSTANT_CONVERSION = YES;
				CLANG_WARN_DEPRECATED_OBJC_IMPLEMENTATIONS = YES;
				CLANG_WARN_DIRECT_OBJC_ISA_USAGE = YES_ERROR;
				CLANG_WARN_DOCUMENTATION_COMMENTS = YES;
				CLANG_WARN_EMPTY_BODY = YES;
				CLANG_WARN_ENUM_CONVERSION = YES;
				CLANG_WARN_INFINITE_RECURSION = YES;
				CLANG_WARN_INT_CONVERSION = YES;
				CLANG_WARN_NON_LITERAL_NULL_CONVERSION = YES;
				CLANG_WARN_OBJC_IMPLICIT_RETAIN_SELF = YES;
				CLANG_WARN_OBJC_LITERAL_CONVERSION = YES;
				CLANG_WARN_OBJC_ROOT_CLASS = YES_ERROR;
				CLANG_WARN_QUOTED_INCLUDE_IN_FRAMEWORK_HEADER = YES;
				CLANG_WARN_RANGE_LOOP_ANALYSIS = YES;
				CLANG_WARN_STRICT_PROTOTYPES = YES;
				CLANG_WARN_SUSPICIOUS_MOVE = YES;
				CLANG_WARN_UNGUARDED_AVAILABILITY = YES_AGGRESSIVE;
				CLANG_WARN_UNREACHABLE_CODE = YES;
				CLANG_WARN__DUPLICATE_METHOD_MATCH = YES;
				COPY_PHASE_STRIP = NO;
				DEBUG_INFORMATION_FORMAT = "dwarf-with-dsym";
				ENABLE_NS_ASSERTIONS = NO;
				ENABLE_STRICT_OBJC_MSGSEND = YES;
				GCC_C_LANGUAGE_STANDARD = gnu11;
				GCC_NO_COMMON_BLOCKS = YES;
				GCC_WARN_64_TO_32_BIT_CONVERSION = YES;
				GCC_WARN_ABOUT_RETURN_TYPE = YES_ERROR;
				GCC_WARN_UNDECLARED_SELECTOR = YES;
				GCC_WARN_UNINITIALIZED_AUTOS = YES_AGGRESSIVE;
				GCC_WARN_UNUSED_FUNCTION = YES;
				GCC_WARN_UNUSED_VARIABLE = YES;
				MTL_ENABLE_DEBUG_INFO = NO;
				MTL_FAST_MATH = YES;
				SWIFT_COMPILATION_MODE = wholemodule;
				SWIFT_OPTIMIZATION_LEVEL = "-O";
			};
			name = Release;
		};
		538172AF2636609A00464CF9 /* Debug */ = {
			isa = XCBuildConfiguration;
			buildSettings = {
				ASSETCATALOG_COMPILER_APPICON_NAME = AppIcon;
				ASSETCATALOG_COMPILER_GLOBAL_ACCENT_COLOR_NAME = AccentColor;
				CODE_SIGN_STYLE = Automatic;
				ENABLE_PREVIEWS = YES;
				INFOPLIST_FILE = iOS/Info.plist;
				IPHONEOS_DEPLOYMENT_TARGET = 14.0;
				LD_RUNPATH_SEARCH_PATHS = (
					"$(inherited)",
					"@executable_path/Frameworks",
				);
				PRODUCT_BUNDLE_IDENTIFIER = BrightAnchor.CoreDataProject;
				PRODUCT_NAME = CoreDataProject;
				SDKROOT = iphoneos;
				SWIFT_VERSION = 5.0;
				TARGETED_DEVICE_FAMILY = "1,2";
			};
			name = Debug;
		};
		538172B02636609A00464CF9 /* Release */ = {
			isa = XCBuildConfiguration;
			buildSettings = {
				ASSETCATALOG_COMPILER_APPICON_NAME = AppIcon;
				ASSETCATALOG_COMPILER_GLOBAL_ACCENT_COLOR_NAME = AccentColor;
				CODE_SIGN_STYLE = Automatic;
				ENABLE_PREVIEWS = YES;
				INFOPLIST_FILE = iOS/Info.plist;
				IPHONEOS_DEPLOYMENT_TARGET = 14.0;
				LD_RUNPATH_SEARCH_PATHS = (
					"$(inherited)",
					"@executable_path/Frameworks",
				);
				PRODUCT_BUNDLE_IDENTIFIER = BrightAnchor.CoreDataProject;
				PRODUCT_NAME = CoreDataProject;
				SDKROOT = iphoneos;
				SWIFT_VERSION = 5.0;
				TARGETED_DEVICE_FAMILY = "1,2";
				VALIDATE_PRODUCT = YES;
			};
			name = Release;
		};
		538172B22636609A00464CF9 /* Debug */ = {
			isa = XCBuildConfiguration;
			buildSettings = {
				ASSETCATALOG_COMPILER_APPICON_NAME = AppIcon;
				ASSETCATALOG_COMPILER_GLOBAL_ACCENT_COLOR_NAME = AccentColor;
				CODE_SIGN_ENTITLEMENTS = macOS/macOS.entitlements;
				CODE_SIGN_STYLE = Automatic;
				COMBINE_HIDPI_IMAGES = YES;
				ENABLE_PREVIEWS = YES;
				INFOPLIST_FILE = macOS/Info.plist;
				LD_RUNPATH_SEARCH_PATHS = (
					"$(inherited)",
					"@executable_path/../Frameworks",
				);
				MACOSX_DEPLOYMENT_TARGET = 11.0;
				PRODUCT_BUNDLE_IDENTIFIER = BrightAnchor.CoreDataProject;
				PRODUCT_NAME = CoreDataProject;
				SDKROOT = macosx;
				SWIFT_VERSION = 5.0;
			};
			name = Debug;
		};
		538172B32636609A00464CF9 /* Release */ = {
			isa = XCBuildConfiguration;
			buildSettings = {
				ASSETCATALOG_COMPILER_APPICON_NAME = AppIcon;
				ASSETCATALOG_COMPILER_GLOBAL_ACCENT_COLOR_NAME = AccentColor;
				CODE_SIGN_ENTITLEMENTS = macOS/macOS.entitlements;
				CODE_SIGN_STYLE = Automatic;
				COMBINE_HIDPI_IMAGES = YES;
				ENABLE_PREVIEWS = YES;
				INFOPLIST_FILE = macOS/Info.plist;
				LD_RUNPATH_SEARCH_PATHS = (
					"$(inherited)",
					"@executable_path/../Frameworks",
				);
				MACOSX_DEPLOYMENT_TARGET = 11.0;
				PRODUCT_BUNDLE_IDENTIFIER = BrightAnchor.CoreDataProject;
				PRODUCT_NAME = CoreDataProject;
				SDKROOT = macosx;
				SWIFT_VERSION = 5.0;
			};
			name = Release;
		};
/* End XCBuildConfiguration section */

/* Begin XCConfigurationList section */
		5381728A2636609800464CF9 /* Build configuration list for PBXProject "CoreDataProject" */ = {
			isa = XCConfigurationList;
			buildConfigurations = (
				538172AC2636609A00464CF9 /* Debug */,
				538172AD2636609A00464CF9 /* Release */,
			);
			defaultConfigurationIsVisible = 0;
			defaultConfigurationName = Release;
		};
		538172AE2636609A00464CF9 /* Build configuration list for PBXNativeTarget "CoreDataProject (iOS)" */ = {
			isa = XCConfigurationList;
			buildConfigurations = (
				538172AF2636609A00464CF9 /* Debug */,
				538172B02636609A00464CF9 /* Release */,
			);
			defaultConfigurationIsVisible = 0;
			defaultConfigurationName = Release;
		};
		538172B12636609A00464CF9 /* Build configuration list for PBXNativeTarget "CoreDataProject (macOS)" */ = {
			isa = XCConfigurationList;
			buildConfigurations = (
				538172B22636609A00464CF9 /* Debug */,
				538172B32636609A00464CF9 /* Release */,
			);
			defaultConfigurationIsVisible = 0;
			defaultConfigurationName = Release;
		};
/* End XCConfigurationList section */

/* Begin XCVersionGroup section */
		5381728C2636609800464CF9 /* CoreDataProject.xcdatamodeld */ = {
			isa = XCVersionGroup;
			children = (
				5381728D2636609800464CF9 /* Shared.xcdatamodel */,
			);
			currentVersion = 5381728D2636609800464CF9 /* Shared.xcdatamodel */;
			path = CoreDataProject.xcdatamodeld;
			sourceTree = "<group>";
			versionGroupType = wrapper.xcdatamodel;
		};
/* End XCVersionGroup section */
	};
	rootObject = 538172872636609800464CF9 /* Project object */;
}
